
Microsoft Visual Studio Solution File, Format Version 12.00
# Visual Studio Version 16
VisualStudioVersion = 16.0.30717.126
MinimumVisualStudioVersion = 10.0.40219.1
Project("{FAE04EC0-301F-11D3-BF4B-00C04F79EFBC}") = "Exam", "Exam\Exam.csproj", "{2D36D665-60D3-4F46-B032-1564AE1003DC}"
EndProject
Global
	GlobalSection(SolutionConfigurationPlatforms) = preSolution
		Debug|Any CPU = Debug|Any CPU
		Release|Any CPU = Release|Any CPU
	EndGlobalSection
	GlobalSection(ProjectConfigurationPlatforms) = postSolution
		{2D36D665-60D3-4F46-B032-1564AE1003DC}.Debug|Any CPU.ActiveCfg = Debug|Any CPU
		{2D36D665-60D3-4F46-B032-1564AE1003DC}.Debug|Any CPU.Build.0 = Debug|Any CPU
		{2D36D665-60D3-4F46-B032-1564AE1003DC}.Release|Any CPU.ActiveCfg = Release|Any CPU
		{2D36D665-60D3-4F46-B032-1564AE1003DC}.Release|Any CPU.Build.0 = Release|Any CPU
	EndGlobalSection
	GlobalSection(SolutionProperties) = preSolution
		HideSolutionNode = FALSE
	EndGlobalSection
	GlobalSection(ExtensibilityGlobals) = postSolution
		SolutionGuid = {68D1BB69-4857-469A-BE78-2E002C8C6634}
	EndGlobalSection
EndGlobal
